
Microsoft Visual Studio Solution File, Format Version 12.00
# Visual Studio Version 16
VisualStudioVersion = 16.0.30320.27
MinimumVisualStudioVersion = 10.0.40219.1
Project("{FAE04EC0-301F-11D3-BF4B-00C04F79EFBC}") = "AzureFunctionsMemoryCache", "AzureFunctionsMemoryCache\AzureFunctionsMemoryCache.csproj", "{53CC738F-6251-418A-B842-EA21176ABE08}"
EndProject
Global
	GlobalSection(SolutionConfigurationPlatforms) = preSolution
		Debug|Any CPU = Debug|Any CPU
		Release|Any CPU = Release|Any CPU
	EndGlobalSection
	GlobalSection(ProjectConfigurationPlatforms) = postSolution
		{53CC738F-6251-418A-B842-EA21176ABE08}.Debug|Any CPU.ActiveCfg = Debug|Any CPU
		{53CC738F-6251-418A-B842-EA21176ABE08}.Debug|Any CPU.Build.0 = Debug|Any CPU
		{53CC738F-6251-418A-B842-EA21176ABE08}.Release|Any CPU.ActiveCfg = Release|Any CPU
		{53CC738F-6251-418A-B842-EA21176ABE08}.Release|Any CPU.Build.0 = Release|Any CPU
	EndGlobalSection
	GlobalSection(SolutionProperties) = preSolution
		HideSolutionNode = FALSE
	EndGlobalSection
	GlobalSection(ExtensibilityGlobals) = postSolution
		SolutionGuid = {E7C70113-CE9E-4838-9DC0-32FE42394F07}
	EndGlobalSection
EndGlobal
